// !$*UTF8*$!
{
	archiveVersion = 1;
	classes = {
	};
	objectVersion = 55;
	objects = {

/* Begin PBXBuildFile section */
		C67F5A0828B2AB4800C48886 /* DesignHelper.swift in Sources */ = {isa = PBXBuildFile; fileRef = C67F5A0728B2AB4800C48886 /* DesignHelper.swift */; };
		C67F5A0A28B2AD5800C48886 /* DoubleDisplay.swift in Sources */ = {isa = PBXBuildFile; fileRef = C67F5A0928B2AD5800C48886 /* DoubleDisplay.swift */; };
		C67F5A0C28B2B14100C48886 /* Rounding.swift in Sources */ = {isa = PBXBuildFile; fileRef = C67F5A0B28B2B14100C48886 /* Rounding.swift */; };
		C6D5BA3C28A8562E0021AF8B /* ActionApp.swift in Sources */ = {isa = PBXBuildFile; fileRef = C6D5BA3B28A8562E0021AF8B /* ActionApp.swift */; };
		C6D5BA3E28A8562E0021AF8B /* ContentView.swift in Sources */ = {isa = PBXBuildFile; fileRef = C6D5BA3D28A8562E0021AF8B /* ContentView.swift */; };
		C6D5BA4028A856300021AF8B /* Assets.xcassets in Resources */ = {isa = PBXBuildFile; fileRef = C6D5BA3F28A856300021AF8B /* Assets.xcassets */; };
		C6D5BA4328A856300021AF8B /* Preview Assets.xcassets in Resources */ = {isa = PBXBuildFile; fileRef = C6D5BA4228A856300021AF8B /* Preview Assets.xcassets */; };
		C6D5BA4A28A9513C0021AF8B /* IntDisplay.swift in Sources */ = {isa = PBXBuildFile; fileRef = C6D5BA4928A9513C0021AF8B /* IntDisplay.swift */; };
		C6D5BA4C28A973A70021AF8B /* DoubleBorderButtonStyle.swift in Sources */ = {isa = PBXBuildFile; fileRef = C6D5BA4B28A973A70021AF8B /* DoubleBorderButtonStyle.swift */; };
		C6D5BA4E28A9745D0021AF8B /* DisplayModifier.swift in Sources */ = {isa = PBXBuildFile; fileRef = C6D5BA4D28A9745D0021AF8B /* DisplayModifier.swift */; };
		C6D5BA5028A978260021AF8B /* SymbolButton.swift in Sources */ = {isa = PBXBuildFile; fileRef = C6D5BA4F28A978260021AF8B /* SymbolButton.swift */; };
/* End PBXBuildFile section */

/* Begin PBXFileReference section */
		C67F5A0728B2AB4800C48886 /* DesignHelper.swift */ = {isa = PBXFileReference; lastKnownFileType = sourcecode.swift; path = DesignHelper.swift; sourceTree = "<group>"; };
		C67F5A0928B2AD5800C48886 /* DoubleDisplay.swift */ = {isa = PBXFileReference; lastKnownFileType = sourcecode.swift; name = DoubleDisplay.swift; path = ../../../../../DoubleDisplay.swift; sourceTree = "<group>"; };
		C67F5A0B28B2B14100C48886 /* Rounding.swift */ = {isa = PBXFileReference; lastKnownFileType = sourcecode.swift; path = Rounding.swift; sourceTree = "<group>"; };
		C6D5BA3828A8562E0021AF8B /* Action.app */ = {isa = PBXFileReference; explicitFileType = wrapper.application; includeInIndex = 0; path = Action.app; sourceTree = BUILT_PRODUCTS_DIR; };
		C6D5BA3B28A8562E0021AF8B /* ActionApp.swift */ = {isa = PBXFileReference; lastKnownFileType = sourcecode.swift; path = ActionApp.swift; sourceTree = "<group>"; };
		C6D5BA3D28A8562E0021AF8B /* ContentView.swift */ = {isa = PBXFileReference; lastKnownFileType = sourcecode.swift; path = ContentView.swift; sourceTree = "<group>"; };
		C6D5BA3F28A856300021AF8B /* Assets.xcassets */ = {isa = PBXFileReference; lastKnownFileType = folder.assetcatalog; path = Assets.xcassets; sourceTree = "<group>"; };
		C6D5BA4228A856300021AF8B /* Preview Assets.xcassets */ = {isa = PBXFileReference; lastKnownFileType = folder.assetcatalog; path = "Preview Assets.xcassets"; sourceTree = "<group>"; };
		C6D5BA4928A9513C0021AF8B /* IntDisplay.swift */ = {isa = PBXFileReference; lastKnownFileType = sourcecode.swift; path = IntDisplay.swift; sourceTree = "<group>"; };
		C6D5BA4B28A973A70021AF8B /* DoubleBorderButtonStyle.swift */ = {isa = PBXFileReference; lastKnownFileType = sourcecode.swift; path = DoubleBorderButtonStyle.swift; sourceTree = "<group>"; };
		C6D5BA4D28A9745D0021AF8B /* DisplayModifier.swift */ = {isa = PBXFileReference; lastKnownFileType = sourcecode.swift; path = DisplayModifier.swift; sourceTree = "<group>"; };
		C6D5BA4F28A978260021AF8B /* SymbolButton.swift */ = {isa = PBXFileReference; lastKnownFileType = sourcecode.swift; path = SymbolButton.swift; sourceTree = "<group>"; };
/* End PBXFileReference section */

/* Begin PBXFrameworksBuildPhase section */
		C6D5BA3528A8562E0021AF8B /* Frameworks */ = {
			isa = PBXFrameworksBuildPhase;
			buildActionMask = 2147483647;
			files = (
			);
			runOnlyForDeploymentPostprocessing = 0;
		};
/* End PBXFrameworksBuildPhase section */

/* Begin PBXGroup section */
		C6D5BA2F28A8562E0021AF8B = {
			isa = PBXGroup;
			children = (
				C6D5BA3A28A8562E0021AF8B /* Action */,
				C6D5BA3928A8562E0021AF8B /* Products */,
			);
			sourceTree = "<group>";
		};
		C6D5BA3928A8562E0021AF8B /* Products */ = {
			isa = PBXGroup;
			children = (
				C6D5BA3828A8562E0021AF8B /* Action.app */,
			);
			name = Products;
			sourceTree = "<group>";
		};
		C6D5BA3A28A8562E0021AF8B /* Action */ = {
			isa = PBXGroup;
			children = (
				C6D5BA3B28A8562E0021AF8B /* ActionApp.swift */,
				C6D5BA3D28A8562E0021AF8B /* ContentView.swift */,
				C67F5A0728B2AB4800C48886 /* DesignHelper.swift */,
				C67F5A0B28B2B14100C48886 /* Rounding.swift */,
				C67F5A0928B2AD5800C48886 /* DoubleDisplay.swift */,
				C6D5BA3F28A856300021AF8B /* Assets.xcassets */,
				C6D5BA4128A856300021AF8B /* Preview Content */,
				C6D5BA4928A9513C0021AF8B /* IntDisplay.swift */,
				C6D5BA4B28A973A70021AF8B /* DoubleBorderButtonStyle.swift */,
				C6D5BA4D28A9745D0021AF8B /* DisplayModifier.swift */,
				C6D5BA4F28A978260021AF8B /* SymbolButton.swift */,
			);
			path = Action;
			sourceTree = "<group>";
		};
		C6D5BA4128A856300021AF8B /* Preview Content */ = {
			isa = PBXGroup;
			children = (
				C6D5BA4228A856300021AF8B /* Preview Assets.xcassets */,
			);
			path = "Preview Content";
			sourceTree = "<group>";
		};
/* End PBXGroup section */

/* Begin PBXNativeTarget section */
		C6D5BA3728A8562E0021AF8B /* Action */ = {
			isa = PBXNativeTarget;
			buildConfigurationList = C6D5BA4628A856300021AF8B /* Build configuration list for PBXNativeTarget "Action" */;
			buildPhases = (
				C6D5BA3428A8562E0021AF8B /* Sources */,
				C6D5BA3528A8562E0021AF8B /* Frameworks */,
				C6D5BA3628A8562E0021AF8B /* Resources */,
			);
			buildRules = (
			);
			dependencies = (
			);
			name = Action;
			productName = Action;
			productReference = C6D5BA3828A8562E0021AF8B /* Action.app */;
			productType = "com.apple.product-type.application";
		};
/* End PBXNativeTarget section */

/* Begin PBXProject section */
		C6D5BA3028A8562E0021AF8B /* Project object */ = {
			isa = PBXProject;
			attributes = {
				BuildIndependentTargetsInParallel = 1;
				LastSwiftUpdateCheck = 1340;
				LastUpgradeCheck = 1340;
				TargetAttributes = {
					C6D5BA3728A8562E0021AF8B = {
						CreatedOnToolsVersion = 13.4.1;
					};
				};
			};
			buildConfigurationList = C6D5BA3328A8562E0021AF8B /* Build configuration list for PBXProject "Action" */;
			compatibilityVersion = "Xcode 13.0";
			developmentRegion = en;
			hasScannedForEncodings = 0;
			knownRegions = (
				en,
				Base,
			);
			mainGroup = C6D5BA2F28A8562E0021AF8B;
			productRefGroup = C6D5BA3928A8562E0021AF8B /* Products */;
			projectDirPath = "";
			projectRoot = "";
			targets = (
				C6D5BA3728A8562E0021AF8B /* Action */,
			);
		};
/* End PBXProject section */

/* Begin PBXResourcesBuildPhase section */
		C6D5BA3628A8562E0021AF8B /* Resources */ = {
			isa = PBXResourcesBuildPhase;
			buildActionMask = 2147483647;
			files = (
				C6D5BA4328A856300021AF8B /* Preview Assets.xcassets in Resources */,
				C6D5BA4028A856300021AF8B /* Assets.xcassets in Resources */,
			);
			runOnlyForDeploymentPostprocessing = 0;
		};
/* End PBXResourcesBuildPhase section */

/* Begin PBXSourcesBuildPhase section */
		C6D5BA3428A8562E0021AF8B /* Sources */ = {
			isa = PBXSourcesBuildPhase;
			buildActionMask = 2147483647;
			files = (
				C6D5BA4E28A9745D0021AF8B /* DisplayModifier.swift in Sources */,
				C6D5BA4A28A9513C0021AF8B /* IntDisplay.swift in Sources */,
				C67F5A0C28B2B14100C48886 /* Rounding.swift in Sources */,
				C6D5BA3E28A8562E0021AF8B /* ContentView.swift in Sources */,
				C67F5A0828B2AB4800C48886 /* DesignHelper.swift in Sources */,
				C6D5BA4C28A973A70021AF8B /* DoubleBorderButtonStyle.swift in Sources */,
				C6D5BA3C28A8562E0021AF8B /* ActionApp.swift in Sources */,
				C6D5BA5028A978260021AF8B /* SymbolButton.swift in Sources */,
				C67F5A0A28B2AD5800C48886 /* DoubleDisplay.swift in Sources */,
			);
			runOnlyForDeploymentPostprocessing = 0;
		};
/* End PBXSourcesBuildPhase section */

/* Begin XCBuildConfiguration section */
		C6D5BA4428A856300021AF8B /* Debug */ = {
			isa = XCBuildConfiguration;
			buildSettings = {
				ALWAYS_SEARCH_USER_PATHS = NO;
				CLANG_ANALYZER_NONNULL = YES;
				CLANG_ANALYZER_NUMBER_OBJECT_CONVERSION = YES_AGGRESSIVE;
				CLANG_CXX_LANGUAGE_STANDARD = "gnu++17";
				CLANG_ENABLE_MODULES = YES;
				CLANG_ENABLE_OBJC_ARC = YES;
				CLANG_ENABLE_OBJC_WEAK = YES;
				CLANG_WARN_BLOCK_CAPTURE_AUTORELEASING = YES;
				CLANG_WARN_BOOL_CONVERSION = YES;
				CLANG_WARN_COMMA = YES;
				CLANG_WARN_CONSTANT_CONVERSION = YES;
				CLANG_WARN_DEPRECATED_OBJC_IMPLEMENTATIONS = YES;
				CLANG_WARN_DIRECT_OBJC_ISA_USAGE = YES_ERROR;
				CLANG_WARN_DOCUMENTATION_COMMENTS = YES;
				CLANG_WARN_EMPTY_BODY = YES;
				CLANG_WARN_ENUM_CONVERSION = YES;
				CLANG_WARN_INFINITE_RECURSION = YES;
				CLANG_WARN_INT_CONVERSION = YES;
				CLANG_WARN_NON_LITERAL_NULL_CONVERSION = YES;
				CLANG_WARN_OBJC_IMPLICIT_RETAIN_SELF = YES;
				CLANG_WARN_OBJC_LITERAL_CONVERSION = YES;
				CLANG_WARN_OBJC_ROOT_CLASS = YES_ERROR;
				CLANG_WARN_QUOTED_INCLUDE_IN_FRAMEWORK_HEADER = YES;
				CLANG_WARN_RANGE_LOOP_ANALYSIS = YES;
				CLANG_WARN_STRICT_PROTOTYPES = YES;
				CLANG_WARN_SUSPICIOUS_MOVE = YES;
				CLANG_WARN_UNGUARDED_AVAILABILITY = YES_AGGRESSIVE;
				CLANG_WARN_UNREACHABLE_CODE = YES;
				CLANG_WARN__DUPLICATE_METHOD_MATCH = YES;
				COPY_PHASE_STRIP = NO;
				DEBUG_INFORMATION_FORMAT = dwarf;
				ENABLE_STRICT_OBJC_MSGSEND = YES;
				ENABLE_TESTABILITY = YES;
				GCC_C_LANGUAGE_STANDARD = gnu11;
				GCC_DYNAMIC_NO_PIC = NO;
				GCC_NO_COMMON_BLOCKS = YES;
				GCC_OPTIMIZATION_LEVEL = 0;
				GCC_PREPROCESSOR_DEFINITIONS = (
					"DEBUG=1",
					"$(inherited)",
				);
				GCC_WARN_64_TO_32_BIT_CONVERSION = YES;
				GCC_WARN_ABOUT_RETURN_TYPE = YES_ERROR;
				GCC_WARN_UNDECLARED_SELECTOR = YES;
				GCC_WARN_UNINITIALIZED_AUTOS = YES_AGGRESSIVE;
				GCC_WARN_UNUSED_FUNCTION = YES;
				GCC_WARN_UNUSED_VARIABLE = YES;
				IPHONEOS_DEPLOYMENT_TARGET = 15.5;
				MTL_ENABLE_DEBUG_INFO = INCLUDE_SOURCE;
				MTL_FAST_MATH = YES;
				ONLY_ACTIVE_ARCH = YES;
				SDKROOT = iphoneos;
				SWIFT_ACTIVE_COMPILATION_CONDITIONS = DEBUG;
				SWIFT_OPTIMIZATION_LEVEL = "-Onone";
			};
			name = Debug;
		};
		C6D5BA4528A856300021AF8B /* Release */ = {
			isa = XCBuildConfiguration;
			buildSettings = {
				ALWAYS_SEARCH_USER_PATHS = NO;
				CLANG_ANALYZER_NONNULL = YES;
				CLANG_ANALYZER_NUMBER_OBJECT_CONVERSION = YES_AGGRESSIVE;
				CLANG_CXX_LANGUAGE_STANDARD = "gnu++17";
				CLANG_ENABLE_MODULES = YES;
				CLANG_ENABLE_OBJC_ARC = YES;
				CLANG_ENABLE_OBJC_WEAK = YES;
				CLANG_WARN_BLOCK_CAPTURE_AUTORELEASING = YES;
				CLANG_WARN_BOOL_CONVERSION = YES;
				CLANG_WARN_COMMA = YES;
				CLANG_WARN_CONSTANT_CONVERSION = YES;
				CLANG_WARN_DEPRECATED_OBJC_IMPLEMENTATIONS = YES;
				CLANG_WARN_DIRECT_OBJC_ISA_USAGE = YES_ERROR;
				CLANG_WARN_DOCUMENTATION_COMMENTS = YES;
				CLANG_WARN_EMPTY_BODY = YES;
				CLANG_WARN_ENUM_CONVERSION = YES;
				CLANG_WARN_INFINITE_RECURSION = YES;
				CLANG_WARN_INT_CONVERSION = YES;
				CLANG_WARN_NON_LITERAL_NULL_CONVERSION = YES;
				CLANG_WARN_OBJC_IMPLICIT_RETAIN_SELF = YES;
				CLANG_WARN_OBJC_LITERAL_CONVERSION = YES;
				CLANG_WARN_OBJC_ROOT_CLASS = YES_ERROR;
				CLANG_WARN_QUOTED_INCLUDE_IN_FRAMEWORK_HEADER = YES;
				CLANG_WARN_RANGE_LOOP_ANALYSIS = YES;
				CLANG_WARN_STRICT_PROTOTYPES = YES;
				CLANG_WARN_SUSPICIOUS_MOVE = YES;
				CLANG_WARN_UNGUARDED_AVAILABILITY = YES_AGGRESSIVE;
				CLANG_WARN_UNREACHABLE_CODE = YES;
				CLANG_WARN__DUPLICATE_METHOD_MATCH = YES;
				COPY_PHASE_STRIP = NO;
				DEBUG_INFORMATION_FORMAT = "dwarf-with-dsym";
				ENABLE_NS_ASSERTIONS = NO;
				ENABLE_STRICT_OBJC_MSGSEND = YES;
				GCC_C_LANGUAGE_STANDARD = gnu11;
				GCC_NO_COMMON_BLOCKS = YES;
				GCC_WARN_64_TO_32_BIT_CONVERSION = YES;
				GCC_WARN_ABOUT_RETURN_TYPE = YES_ERROR;
				GCC_WARN_UNDECLARED_SELECTOR = YES;
				GCC_WARN_UNINITIALIZED_AUTOS = YES_AGGRESSIVE;
				GCC_WARN_UNUSED_FUNCTION = YES;
				GCC_WARN_UNUSED_VARIABLE = YES;
				IPHONEOS_DEPLOYMENT_TARGET = 15.5;
				MTL_ENABLE_DEBUG_INFO = NO;
				MTL_FAST_MATH = YES;
				SDKROOT = iphoneos;
				SWIFT_COMPILATION_MODE = wholemodule;
				SWIFT_OPTIMIZATION_LEVEL = "-O";
				VALIDATE_PRODUCT = YES;
			};
			name = Release;
		};
		C6D5BA4728A856300021AF8B /* Debug */ = {
			isa = XCBuildConfiguration;
			buildSettings = {
				ASSETCATALOG_COMPILER_APPICON_NAME = AppIcon;
				ASSETCATALOG_COMPILER_GLOBAL_ACCENT_COLOR_NAME = AccentColor;
				CODE_SIGN_STYLE = Automatic;
				CURRENT_PROJECT_VERSION = 1;
				DEVELOPMENT_ASSET_PATHS = "\"Action/Preview Content\"";
				DEVELOPMENT_TEAM = XYW89PFS48;
				ENABLE_PREVIEWS = YES;
				GENERATE_INFOPLIST_FILE = YES;
				INFOPLIST_KEY_UIApplicationSceneManifest_Generation = YES;
				INFOPLIST_KEY_UIApplicationSupportsIndirectInputEvents = YES;
				INFOPLIST_KEY_UILaunchScreen_Generation = YES;
				INFOPLIST_KEY_UISupportedInterfaceOrientations_iPad = "UIInterfaceOrientationPortrait UIInterfaceOrientationPortraitUpsideDown UIInterfaceOrientationLandscapeLeft UIInterfaceOrientationLandscapeRight";
				INFOPLIST_KEY_UISupportedInterfaceOrientations_iPhone = "UIInterfaceOrientationPortrait UIInterfaceOrientationLandscapeLeft UIInterfaceOrientationLandscapeRight";
				LD_RUNPATH_SEARCH_PATHS = (
					"$(inherited)",
					"@executable_path/Frameworks",
				);
				MARKETING_VERSION = 1.0;
				PRODUCT_BUNDLE_IDENTIFIER = io.chrismyers.Action;
				PRODUCT_NAME = "$(TARGET_NAME)";
				SWIFT_EMIT_LOC_STRINGS = YES;
				SWIFT_VERSION = 5.0;
				TARGETED_DEVICE_FAMILY = "1,2";
			};
			name = Debug;
		};
		C6D5BA4828A856300021AF8B /* Release */ = {
			isa = XCBuildConfiguration;
			buildSettings = {
				ASSETCATALOG_COMPILER_APPICON_NAME = AppIcon;
				ASSETCATALOG_COMPILER_GLOBAL_ACCENT_COLOR_NAME = AccentColor;
				CODE_SIGN_STYLE = Automatic;
				CURRENT_PROJECT_VERSION = 1;
				DEVELOPMENT_ASSET_PATHS = "\"Action/Preview Content\"";
				DEVELOPMENT_TEAM = XYW89PFS48;
				ENABLE_PREVIEWS = YES;
				GENERATE_INFOPLIST_FILE = YES;
				INFOPLIST_KEY_UIApplicationSceneManifest_Generation = YES;
				INFOPLIST_KEY_UIApplicationSupportsIndirectInputEvents = YES;
				INFOPLIST_KEY_UILaunchScreen_Generation = YES;
				INFOPLIST_KEY_UISupportedInterfaceOrientations_iPad = "UIInterfaceOrientationPortrait UIInterfaceOrientationPortraitUpsideDown UIInterfaceOrientationLandscapeLeft UIInterfaceOrientationLandscapeRight";
				INFOPLIST_KEY_UISupportedInterfaceOrientations_iPhone = "UIInterfaceOrientationPortrait UIInterfaceOrientationLandscapeLeft UIInterfaceOrientationLandscapeRight";
				LD_RUNPATH_SEARCH_PATHS = (
					"$(inherited)",
					"@executable_path/Frameworks",
				);
				MARKETING_VERSION = 1.0;
				PRODUCT_BUNDLE_IDENTIFIER = io.chrismyers.Action;
				PRODUCT_NAME = "$(TARGET_NAME)";
				SWIFT_EMIT_LOC_STRINGS = YES;
				SWIFT_VERSION = 5.0;
				TARGETED_DEVICE_FAMILY = "1,2";
			};
			name = Release;
		};
/* End XCBuildConfiguration section */

/* Begin XCConfigurationList section */
		C6D5BA3328A8562E0021AF8B /* Build configuration list for PBXProject "Action" */ = {
			isa = XCConfigurationList;
			buildConfigurations = (
				C6D5BA4428A856300021AF8B /* Debug */,
				C6D5BA4528A856300021AF8B /* Release */,
			);
			defaultConfigurationIsVisible = 0;
			defaultConfigurationName = Release;
		};
		C6D5BA4628A856300021AF8B /* Build configuration list for PBXNativeTarget "Action" */ = {
			isa = XCConfigurationList;
			buildConfigurations = (
				C6D5BA4728A856300021AF8B /* Debug */,
				C6D5BA4828A856300021AF8B /* Release */,
			);
			defaultConfigurationIsVisible = 0;
			defaultConfigurationName = Release;
		};
/* End XCConfigurationList section */
	};
	rootObject = C6D5BA3028A8562E0021AF8B /* Project object */;
}
